// !$*UTF8*$!
{
	archiveVersion = 1;
	classes = {
	};
	objectVersion = 50;
	objects = {

/* Begin PBXBuildFile section */
		F07818212559B57100A67830 /* bankaccount.c in Sources */ = {isa = PBXBuildFile; fileRef = F07818202559B57100A67830 /* bankaccount.c */; };
/* End PBXBuildFile section */

/* Begin PBXCopyFilesBuildPhase section */
		F078181B2559B57100A67830 /* CopyFiles */ = {
			isa = PBXCopyFilesBuildPhase;
			buildActionMask = 2147483647;
			dstPath = /usr/share/man/man1/;
			dstSubfolderSpec = 0;
			files = (
			);
			runOnlyForDeploymentPostprocessing = 1;
		};
/* End PBXCopyFilesBuildPhase section */

/* Begin PBXFileReference section */
		F078181D2559B57100A67830 /* BankAccount */ = {isa = PBXFileReference; explicitFileType = "compiled.mach-o.executable"; includeInIndex = 0; path = BankAccount; sourceTree = BUILT_PRODUCTS_DIR; };
		F07818202559B57100A67830 /* bankaccount.c */ = {isa = PBXFileReference; lastKnownFileType = sourcecode.c.c; path = bankaccount.c; sourceTree = "<group>"; };
		F078183E2559D0C500A67830 /* bank_account_builder.h */ = {isa = PBXFileReference; fileEncoding = 4; lastKnownFileType = sourcecode.c.h; name = bank_account_builder.h; path = BankAccount/bank_account_builder.h; sourceTree = SOURCE_ROOT; };
		F078183F2559D0C500A67830 /* flatbuffers_common_reader.h */ = {isa = PBXFileReference; fileEncoding = 4; lastKnownFileType = sourcecode.c.h; name = flatbuffers_common_reader.h; path = BankAccount/flatbuffers_common_reader.h; sourceTree = SOURCE_ROOT; };
		F07818402559D0C500A67830 /* bank_account.fbs */ = {isa = PBXFileReference; fileEncoding = 4; lastKnownFileType = text; name = bank_account.fbs; path = BankAccount/bank_account.fbs; sourceTree = SOURCE_ROOT; };
		F07818412559D0C500A67830 /* bank_account_verifier.h */ = {isa = PBXFileReference; fileEncoding = 4; lastKnownFileType = sourcecode.c.h; name = bank_account_verifier.h; path = BankAccount/bank_account_verifier.h; sourceTree = SOURCE_ROOT; };
		F07818422559D0C500A67830 /* flatbuffers_common_builder.h */ = {isa = PBXFileReference; fileEncoding = 4; lastKnownFileType = sourcecode.c.h; name = flatbuffers_common_builder.h; path = BankAccount/flatbuffers_common_builder.h; sourceTree = SOURCE_ROOT; };
		F07818432559D0C500A67830 /* bank_account_reader.h */ = {isa = PBXFileReference; fileEncoding = 4; lastKnownFileType = sourcecode.c.h; name = bank_account_reader.h; path = BankAccount/bank_account_reader.h; sourceTree = SOURCE_ROOT; };
/* End PBXFileReference section */

/* Begin PBXFrameworksBuildPhase section */
		F078181A2559B57100A67830 /* Frameworks */ = {
			isa = PBXFrameworksBuildPhase;
			buildActionMask = 2147483647;
			files = (
			);
			runOnlyForDeploymentPostprocessing = 0;
		};
/* End PBXFrameworksBuildPhase section */

/* Begin PBXGroup section */
		F07818142559B57100A67830 = {
			isa = PBXGroup;
			children = (
				F078181F2559B57100A67830 /* BankAccount */,
				F078181E2559B57100A67830 /* Products */,
			);
			sourceTree = "<group>";
		};
		F078181E2559B57100A67830 /* Products */ = {
			isa = PBXGroup;
			children = (
				F078181D2559B57100A67830 /* BankAccount */,
			);
			name = Products;
			sourceTree = "<group>";
		};
		F078181F2559B57100A67830 /* BankAccount */ = {
			isa = PBXGroup;
			children = (
				F078183E2559D0C500A67830 /* bank_account_builder.h */,
				F07818432559D0C500A67830 /* bank_account_reader.h */,
				F07818412559D0C500A67830 /* bank_account_verifier.h */,
				F07818402559D0C500A67830 /* bank_account.fbs */,
				F07818422559D0C500A67830 /* flatbuffers_common_builder.h */,
				F078183F2559D0C500A67830 /* flatbuffers_common_reader.h */,
				F07818202559B57100A67830 /* bankaccount.c */,
			);
			path = BankAccount;
			sourceTree = "<group>";
		};
/* End PBXGroup section */

/* Begin PBXNativeTarget section */
		F078181C2559B57100A67830 /* BankAccount */ = {
			isa = PBXNativeTarget;
			buildConfigurationList = F07818242559B57100A67830 /* Build configuration list for PBXNativeTarget "BankAccount" */;
			buildPhases = (
				F07818192559B57100A67830 /* Sources */,
				F078181A2559B57100A67830 /* Frameworks */,
				F078181B2559B57100A67830 /* CopyFiles */,
			);
			buildRules = (
			);
			dependencies = (
			);
			name = BankAccount;
			productName = BankAccount;
			productReference = F078181D2559B57100A67830 /* BankAccount */;
			productType = "com.apple.product-type.tool";
		};
/* End PBXNativeTarget section */

/* Begin PBXProject section */
		F07818152559B57100A67830 /* Project object */ = {
			isa = PBXProject;
			attributes = {
				LastUpgradeCheck = 1010;
				ORGANIZATIONNAME = "Joe Harasz";
				TargetAttributes = {
					F078181C2559B57100A67830 = {
						CreatedOnToolsVersion = 10.1;
					};
				};
			};
			buildConfigurationList = F07818182559B57100A67830 /* Build configuration list for PBXProject "BankAccount" */;
			compatibilityVersion = "Xcode 9.3";
			developmentRegion = en;
			hasScannedForEncodings = 0;
			knownRegions = (
				en,
			);
			mainGroup = F07818142559B57100A67830;
			productRefGroup = F078181E2559B57100A67830 /* Products */;
			projectDirPath = "";
			projectRoot = "";
			targets = (
				F078181C2559B57100A67830 /* BankAccount */,
			);
		};
/* End PBXProject section */

/* Begin PBXSourcesBuildPhase section */
		F07818192559B57100A67830 /* Sources */ = {
			isa = PBXSourcesBuildPhase;
			buildActionMask = 2147483647;
			files = (
				F07818212559B57100A67830 /* bankaccount.c in Sources */,
			);
			runOnlyForDeploymentPostprocessing = 0;
		};
/* End PBXSourcesBuildPhase section */

/* Begin XCBuildConfiguration section */
		F07818222559B57100A67830 /* Debug */ = {
			isa = XCBuildConfiguration;
			buildSettings = {
				ALWAYS_SEARCH_USER_PATHS = NO;
				CLANG_ANALYZER_NONNULL = YES;
				CLANG_ANALYZER_NUMBER_OBJECT_CONVERSION = YES_AGGRESSIVE;
				CLANG_CXX_LANGUAGE_STANDARD = "gnu++14";
				CLANG_CXX_LIBRARY = "libc++";
				CLANG_ENABLE_MODULES = YES;
				CLANG_ENABLE_OBJC_ARC = YES;
				CLANG_ENABLE_OBJC_WEAK = YES;
				CLANG_WARN_BLOCK_CAPTURE_AUTORELEASING = YES;
				CLANG_WARN_BOOL_CONVERSION = YES;
				CLANG_WARN_COMMA = YES;
				CLANG_WARN_CONSTANT_CONVERSION = YES;
				CLANG_WARN_DEPRECATED_OBJC_IMPLEMENTATIONS = YES;
				CLANG_WARN_DIRECT_OBJC_ISA_USAGE = YES_ERROR;
				CLANG_WARN_DOCUMENTATION_COMMENTS = YES;
				CLANG_WARN_EMPTY_BODY = YES;
				CLANG_WARN_ENUM_CONVERSION = YES;
				CLANG_WARN_INFINITE_RECURSION = YES;
				CLANG_WARN_INT_CONVERSION = YES;
				CLANG_WARN_NON_LITERAL_NULL_CONVERSION = YES;
				CLANG_WARN_OBJC_IMPLICIT_RETAIN_SELF = YES;
				CLANG_WARN_OBJC_LITERAL_CONVERSION = YES;
				CLANG_WARN_OBJC_ROOT_CLASS = YES_ERROR;
				CLANG_WARN_RANGE_LOOP_ANALYSIS = YES;
				CLANG_WARN_STRICT_PROTOTYPES = YES;
				CLANG_WARN_SUSPICIOUS_MOVE = YES;
				CLANG_WARN_UNGUARDED_AVAILABILITY = YES_AGGRESSIVE;
				CLANG_WARN_UNREACHABLE_CODE = YES;
				CLANG_WARN__DUPLICATE_METHOD_MATCH = YES;
				CODE_SIGN_IDENTITY = "-";
				COPY_PHASE_STRIP = NO;
				DEBUG_INFORMATION_FORMAT = dwarf;
				ENABLE_STRICT_OBJC_MSGSEND = YES;
				ENABLE_TESTABILITY = YES;
				GCC_C_LANGUAGE_STANDARD = gnu11;
				GCC_DYNAMIC_NO_PIC = NO;
				GCC_NO_COMMON_BLOCKS = YES;
				GCC_OPTIMIZATION_LEVEL = 0;
				GCC_PREPROCESSOR_DEFINITIONS = (
					"DEBUG=1",
					"$(inherited)",
				);
				GCC_WARN_64_TO_32_BIT_CONVERSION = YES;
				GCC_WARN_ABOUT_RETURN_TYPE = YES_ERROR;
				GCC_WARN_UNDECLARED_SELECTOR = YES;
				GCC_WARN_UNINITIALIZED_AUTOS = YES_AGGRESSIVE;
				GCC_WARN_UNUSED_FUNCTION = YES;
				GCC_WARN_UNUSED_VARIABLE = YES;
				MACOSX_DEPLOYMENT_TARGET = 10.14;
				MTL_ENABLE_DEBUG_INFO = INCLUDE_SOURCE;
				MTL_FAST_MATH = YES;
				ONLY_ACTIVE_ARCH = YES;
				SDKROOT = macosx;
			};
			name = Debug;
		};
		F07818232559B57100A67830 /* Release */ = {
			isa = XCBuildConfiguration;
			buildSettings = {
				ALWAYS_SEARCH_USER_PATHS = NO;
				CLANG_ANALYZER_NONNULL = YES;
				CLANG_ANALYZER_NUMBER_OBJECT_CONVERSION = YES_AGGRESSIVE;
				CLANG_CXX_LANGUAGE_STANDARD = "gnu++14";
				CLANG_CXX_LIBRARY = "libc++";
				CLANG_ENABLE_MODULES = YES;
				CLANG_ENABLE_OBJC_ARC = YES;
				CLANG_ENABLE_OBJC_WEAK = YES;
				CLANG_WARN_BLOCK_CAPTURE_AUTORELEASING = YES;
				CLANG_WARN_BOOL_CONVERSION = YES;
				CLANG_WARN_COMMA = YES;
				CLANG_WARN_CONSTANT_CONVERSION = YES;
				CLANG_WARN_DEPRECATED_OBJC_IMPLEMENTATIONS = YES;
				CLANG_WARN_DIRECT_OBJC_ISA_USAGE = YES_ERROR;
				CLANG_WARN_DOCUMENTATION_COMMENTS = YES;
				CLANG_WARN_EMPTY_BODY = YES;
				CLANG_WARN_ENUM_CONVERSION = YES;
				CLANG_WARN_INFINITE_RECURSION = YES;
				CLANG_WARN_INT_CONVERSION = YES;
				CLANG_WARN_NON_LITERAL_NULL_CONVERSION = YES;
				CLANG_WARN_OBJC_IMPLICIT_RETAIN_SELF = YES;
				CLANG_WARN_OBJC_LITERAL_CONVERSION = YES;
				CLANG_WARN_OBJC_ROOT_CLASS = YES_ERROR;
				CLANG_WARN_RANGE_LOOP_ANALYSIS = YES;
				CLANG_WARN_STRICT_PROTOTYPES = YES;
				CLANG_WARN_SUSPICIOUS_MOVE = YES;
				CLANG_WARN_UNGUARDED_AVAILABILITY = YES_AGGRESSIVE;
				CLANG_WARN_UNREACHABLE_CODE = YES;
				CLANG_WARN__DUPLICATE_METHOD_MATCH = YES;
				CODE_SIGN_IDENTITY = "-";
				COPY_PHASE_STRIP = NO;
				DEBUG_INFORMATION_FORMAT = "dwarf-with-dsym";
				ENABLE_NS_ASSERTIONS = NO;
				ENABLE_STRICT_OBJC_MSGSEND = YES;
				GCC_C_LANGUAGE_STANDARD = gnu11;
				GCC_NO_COMMON_BLOCKS = YES;
				GCC_WARN_64_TO_32_BIT_CONVERSION = YES;
				GCC_WARN_ABOUT_RETURN_TYPE = YES_ERROR;
				GCC_WARN_UNDECLARED_SELECTOR = YES;
				GCC_WARN_UNINITIALIZED_AUTOS = YES_AGGRESSIVE;
				GCC_WARN_UNUSED_FUNCTION = YES;
				GCC_WARN_UNUSED_VARIABLE = YES;
				MACOSX_DEPLOYMENT_TARGET = 10.14;
				MTL_ENABLE_DEBUG_INFO = NO;
				MTL_FAST_MATH = YES;
				SDKROOT = macosx;
			};
			name = Release;
		};
		F07818252559B57100A67830 /* Debug */ = {
			isa = XCBuildConfiguration;
			buildSettings = {
				CODE_SIGN_STYLE = Automatic;
				PRODUCT_NAME = "$(TARGET_NAME)";
			};
			name = Debug;
		};
		F07818262559B57100A67830 /* Release */ = {
			isa = XCBuildConfiguration;
			buildSettings = {
				CODE_SIGN_STYLE = Automatic;
				PRODUCT_NAME = "$(TARGET_NAME)";
			};
			name = Release;
		};
/* End XCBuildConfiguration section */

/* Begin XCConfigurationList section */
		F07818182559B57100A67830 /* Build configuration list for PBXProject "BankAccount" */ = {
			isa = XCConfigurationList;
			buildConfigurations = (
				F07818222559B57100A67830 /* Debug */,
				F07818232559B57100A67830 /* Release */,
			);
			defaultConfigurationIsVisible = 0;
			defaultConfigurationName = Release;
		};
		F07818242559B57100A67830 /* Build configuration list for PBXNativeTarget "BankAccount" */ = {
			isa = XCConfigurationList;
			buildConfigurations = (
				F07818252559B57100A67830 /* Debug */,
				F07818262559B57100A67830 /* Release */,
			);
			defaultConfigurationIsVisible = 0;
			defaultConfigurationName = Release;
		};
/* End XCConfigurationList section */
	};
	rootObject = F07818152559B57100A67830 /* Project object */;
}
